// !$*UTF8*$!
{
	archiveVersion = 1;
	classes = {
	};
	objectVersion = 45;
	objects = {

/* Begin PBXBuildFile section */
		1DDD58160DA1D0A300B32029 /* MainMenu.xib in Resources */ = {isa = PBXBuildFile; fileRef = 1DDD58140DA1D0A300B32029 /* MainMenu.xib */; };
		256AC3DA0F4B6AC300CF3369 /* TWAgentAppDelegate.m in Sources */ = {isa = PBXBuildFile; fileRef = 256AC3D90F4B6AC300CF3369 /* TWAgentAppDelegate.m */; };
		27049E2F1225540B00BE2140 /* PreferencePanes.framework in Frameworks */ = {isa = PBXBuildFile; fileRef = 27049E2E1225540B00BE2140 /* PreferencePanes.framework */; };
		27049E3A1225556C00BE2140 /* Cocoa.framework in Frameworks */ = {isa = PBXBuildFile; fileRef = 27049E391225556C00BE2140 /* Cocoa.framework */; };
		27049E3D1225557500BE2140 /* Carbon.framework in Frameworks */ = {isa = PBXBuildFile; fileRef = 27F1513712248209000E6B4E /* Carbon.framework */; };
		27049E4C1225573400BE2140 /* TWPreferencePane.m in Sources */ = {isa = PBXBuildFile; fileRef = 27049E4B1225573400BE2140 /* TWPreferencePane.m */; };
		27049E6D1225593300BE2140 /* TermWeaverPreferencePane.xib in Resources */ = {isa = PBXBuildFile; fileRef = 27049E6C1225593300BE2140 /* TermWeaverPreferencePane.xib */; };
		27049F8D1225657700BE2140 /* ShortcutRecorder.framework in Frameworks */ = {isa = PBXBuildFile; fileRef = 27049F8C1225657700BE2140 /* ShortcutRecorder.framework */; };
		27049F9D1225669800BE2140 /* ShortcutRecorder.framework in CopyFiles */ = {isa = PBXBuildFile; fileRef = 27049F8C1225657700BE2140 /* ShortcutRecorder.framework */; };
		27049FD812256F1B00BE2140 /* TWAbstractPreferencesController.m in Sources */ = {isa = PBXBuildFile; fileRef = 27049FD712256F1B00BE2140 /* TWAbstractPreferencesController.m */; };
		2704A0251225748200BE2140 /* TermWeaverAgent.app in Resources */ = {isa = PBXBuildFile; fileRef = 8D1107320486CEB800E47090 /* TermWeaverAgent.app */; };
		2704A0C812259A0D00BE2140 /* TWAbstractPreferencesController.m in Sources */ = {isa = PBXBuildFile; fileRef = 27049FD712256F1B00BE2140 /* TWAbstractPreferencesController.m */; };
		276132231221519900367AAB /* TWFinderAppCWDDriver.m in Sources */ = {isa = PBXBuildFile; fileRef = 276132221221519900367AAB /* TWFinderAppCWDDriver.m */; };
		2761322F122153EB00367AAB /* TWTerminalAppCWDDriver.m in Sources */ = {isa = PBXBuildFile; fileRef = 2761322E122153EB00367AAB /* TWTerminalAppCWDDriver.m */; };
		276132321221543000367AAB /* TWDefaultCWDDriver.m in Sources */ = {isa = PBXBuildFile; fileRef = 276132311221543000367AAB /* TWDefaultCWDDriver.m */; };
		2761343C12217D9E00367AAB /* ScriptingBridge.framework in Frameworks */ = {isa = PBXBuildFile; fileRef = 2761343B12217D9E00367AAB /* ScriptingBridge.framework */; };
		27742379124C0F1500C02470 /* TermWeaver.icns in Resources */ = {isa = PBXBuildFile; fileRef = 27742378124C0F1500C02470 /* TermWeaver.icns */; };
		2774237A124C0F1500C02470 /* TermWeaver.icns in Resources */ = {isa = PBXBuildFile; fileRef = 27742378124C0F1500C02470 /* TermWeaver.icns */; };
		2774237C124C0F5B00C02470 /* TermWeaverPreferencePane.png in Resources */ = {isa = PBXBuildFile; fileRef = 2774237B124C0F5B00C02470 /* TermWeaverPreferencePane.png */; };
		278FC55A12241F4200F1F0AD /* RegexKitLite.m in Sources */ = {isa = PBXBuildFile; fileRef = 278FC55912241F4200F1F0AD /* RegexKitLite.m */; };
		27983CC2124E76DA0000DE14 /* About.html in Resources */ = {isa = PBXBuildFile; fileRef = 27983CC1124E76DA0000DE14 /* About.html */; };
		27DB4E101226E8BA009FF1C7 /* ShortcutRecorder.framework in Frameworks */ = {isa = PBXBuildFile; fileRef = 27049F8C1225657700BE2140 /* ShortcutRecorder.framework */; };
		27DB4E2B1226E919009FF1C7 /* ShortcutRecorder.framework in CopyFiles */ = {isa = PBXBuildFile; fileRef = 27049F8C1225657700BE2140 /* ShortcutRecorder.framework */; };
		27DB4FB712270A3E009FF1C7 /* TWAXUtils.m in Sources */ = {isa = PBXBuildFile; fileRef = 27DB4FB612270A3E009FF1C7 /* TWAXUtils.m */; };
		27DB50091227153C009FF1C7 /* TWConstants.m in Sources */ = {isa = PBXBuildFile; fileRef = 27DB50081227153C009FF1C7 /* TWConstants.m */; };
		27DB500A1227153C009FF1C7 /* TWConstants.m in Sources */ = {isa = PBXBuildFile; fileRef = 27DB50081227153C009FF1C7 /* TWConstants.m */; };
		27DB5185122737BA009FF1C7 /* TWUtils.m in Sources */ = {isa = PBXBuildFile; fileRef = 27DB5184122737BA009FF1C7 /* TWUtils.m */; };
		27DB5186122737BA009FF1C7 /* TWUtils.m in Sources */ = {isa = PBXBuildFile; fileRef = 27DB5184122737BA009FF1C7 /* TWUtils.m */; };
		27DB51AC122740EC009FF1C7 /* TWLoginItems.m in Sources */ = {isa = PBXBuildFile; fileRef = 27DB51AB122740EC009FF1C7 /* TWLoginItems.m */; };
		27E0BECA122B232600202169 /* TWHotKeyPreference.m in Sources */ = {isa = PBXBuildFile; fileRef = 27E0BEC9122B232600202169 /* TWHotKeyPreference.m */; };
		27E0BEF7122C627700202169 /* TWHotKey+SRKeyCombo.m in Sources */ = {isa = PBXBuildFile; fileRef = 27E0BEF6122C627700202169 /* TWHotKey+SRKeyCombo.m */; };
		27E0BF2A122C691900202169 /* TWHotKey+SRKeyCombo.m in Sources */ = {isa = PBXBuildFile; fileRef = 27E0BEF6122C627700202169 /* TWHotKey+SRKeyCombo.m */; };
		27E0BF2E122C699F00202169 /* TWHotKeyPreference.m in Sources */ = {isa = PBXBuildFile; fileRef = 27E0BEC9122B232600202169 /* TWHotKeyPreference.m */; };
		27E0BF37122C6A9C00202169 /* TWHotKey.m in Sources */ = {isa = PBXBuildFile; fileRef = 27F151BA12248DD8000E6B4E /* TWHotKey.m */; };
		27E0BF59122C6D4300202169 /* TWPreferencesController.m in Sources */ = {isa = PBXBuildFile; fileRef = 27E0BF58122C6D4300202169 /* TWPreferencesController.m */; };
		27F1513812248209000E6B4E /* Carbon.framework in Frameworks */ = {isa = PBXBuildFile; fileRef = 27F1513712248209000E6B4E /* Carbon.framework */; };
		27F151AE12248968000E6B4E /* TWHotKeyManager.m in Sources */ = {isa = PBXBuildFile; fileRef = 27F151AD12248968000E6B4E /* TWHotKeyManager.m */; };
		27F151BB12248DD8000E6B4E /* TWHotKey.m in Sources */ = {isa = PBXBuildFile; fileRef = 27F151BA12248DD8000E6B4E /* TWHotKey.m */; };
		27FB18BE123ED06700B85F47 /* TWPreferencesController.m in Sources */ = {isa = PBXBuildFile; fileRef = 27E0BF58122C6D4300202169 /* TWPreferencesController.m */; };
		27FB18C7123ED0A100B85F47 /* TWLoginItems.m in Sources */ = {isa = PBXBuildFile; fileRef = 27DB51AB122740EC009FF1C7 /* TWLoginItems.m */; };
		8D11072B0486CEB800E47090 /* InfoPlist.strings in Resources */ = {isa = PBXBuildFile; fileRef = 089C165CFE840E0CC02AAC07 /* InfoPlist.strings */; };
		8D11072D0486CEB800E47090 /* main.m in Sources */ = {isa = PBXBuildFile; fileRef = 29B97316FDCFA39411CA2CEA /* main.m */; settings = {ATTRIBUTES = (); }; };
		8D11072F0486CEB800E47090 /* Cocoa.framework in Frameworks */ = {isa = PBXBuildFile; fileRef = 1058C7A1FEA54F0111CA2CBB /* Cocoa.framework */; };
/* End PBXBuildFile section */

/* Begin PBXContainerItemProxy section */
		27049E2C1225540000BE2140 /* PBXContainerItemProxy */ = {
			isa = PBXContainerItemProxy;
			containerPortal = 29B97313FDCFA39411CA2CEA /* Project object */;
			proxyType = 1;
			remoteGlobalIDString = 8D1107260486CEB800E47090;
			remoteInfo = TermWeaverHelperApp;
		};
/* End PBXContainerItemProxy section */

/* Begin PBXCopyFilesBuildPhase section */
		27049FA11225669E00BE2140 /* CopyFiles */ = {
			isa = PBXCopyFilesBuildPhase;
			buildActionMask = 2147483647;
			dstPath = "";
			dstSubfolderSpec = 10;
			files = (
				27049F9D1225669800BE2140 /* ShortcutRecorder.framework in CopyFiles */,
			);
			runOnlyForDeploymentPostprocessing = 0;
		};
		27DB4E3D1226E921009FF1C7 /* CopyFiles */ = {
			isa = PBXCopyFilesBuildPhase;
			buildActionMask = 2147483647;
			dstPath = "";
			dstSubfolderSpec = 10;
			files = (
				27DB4E2B1226E919009FF1C7 /* ShortcutRecorder.framework in CopyFiles */,
			);
			runOnlyForDeploymentPostprocessing = 0;
		};
/* End PBXCopyFilesBuildPhase section */

/* Begin PBXFileReference section */
		089C165DFE840E0CC02AAC07 /* English */ = {isa = PBXFileReference; fileEncoding = 4; lastKnownFileType = text.plist.strings; name = English; path = English.lproj/InfoPlist.strings; sourceTree = "<group>"; };
		1058C7A1FEA54F0111CA2CBB /* Cocoa.framework */ = {isa = PBXFileReference; lastKnownFileType = wrapper.framework; name = Cocoa.framework; path = /System/Library/Frameworks/Cocoa.framework; sourceTree = "<absolute>"; };
		13E42FB307B3F0F600E4EEF1 /* CoreData.framework */ = {isa = PBXFileReference; lastKnownFileType = wrapper.framework; name = CoreData.framework; path = /System/Library/Frameworks/CoreData.framework; sourceTree = "<absolute>"; };
		1DDD58150DA1D0A300B32029 /* English */ = {isa = PBXFileReference; lastKnownFileType = file.xib; name = English; path = English.lproj/MainMenu.xib; sourceTree = "<group>"; };
		256AC3D80F4B6AC300CF3369 /* TWAgentAppDelegate.h */ = {isa = PBXFileReference; fileEncoding = 4; lastKnownFileType = sourcecode.c.h; path = TWAgentAppDelegate.h; sourceTree = "<group>"; };
		256AC3D90F4B6AC300CF3369 /* TWAgentAppDelegate.m */ = {isa = PBXFileReference; explicitFileType = sourcecode.c.objc; fileEncoding = 4; path = TWAgentAppDelegate.m; sourceTree = "<group>"; };
		256AC3F00F4B6AF500CF3369 /* TermWeaver_Prefix.pch */ = {isa = PBXFileReference; fileEncoding = 4; lastKnownFileType = sourcecode.c.h; path = TermWeaver_Prefix.pch; sourceTree = "<group>"; };
		27049E27122553FA00BE2140 /* TermWeaver.prefPane */ = {isa = PBXFileReference; explicitFileType = wrapper.cfbundle; includeInIndex = 0; path = TermWeaver.prefPane; sourceTree = BUILT_PRODUCTS_DIR; };
		27049E2E1225540B00BE2140 /* PreferencePanes.framework */ = {isa = PBXFileReference; lastKnownFileType = wrapper.framework; name = PreferencePanes.framework; path = System/Library/Frameworks/PreferencePanes.framework; sourceTree = SDKROOT; };
		27049E391225556C00BE2140 /* Cocoa.framework */ = {isa = PBXFileReference; lastKnownFileType = wrapper.framework; name = Cocoa.framework; path = System/Library/Frameworks/Cocoa.framework; sourceTree = SDKROOT; };
		27049E4A1225573400BE2140 /* TWPreferencePane.h */ = {isa = PBXFileReference; fileEncoding = 4; lastKnownFileType = sourcecode.c.h; path = TWPreferencePane.h; sourceTree = "<group>"; };
		27049E4B1225573400BE2140 /* TWPreferencePane.m */ = {isa = PBXFileReference; fileEncoding = 4; lastKnownFileType = sourcecode.c.objc; path = TWPreferencePane.m; sourceTree = "<group>"; };
		27049E4D1225576B00BE2140 /* TermWeaverPreferencePane-Info.plist */ = {isa = PBXFileReference; fileEncoding = 4; lastKnownFileType = text.plist.xml; path = "TermWeaverPreferencePane-Info.plist"; sourceTree = "<group>"; };
		27049E6C1225593300BE2140 /* TermWeaverPreferencePane.xib */ = {isa = PBXFileReference; lastKnownFileType = file.xib; path = TermWeaverPreferencePane.xib; sourceTree = "<group>"; };
		27049F7B1225633700BE2140 /* TeamWeaverPreferencePane_Prefix.pch */ = {isa = PBXFileReference; fileEncoding = 4; lastKnownFileType = sourcecode.c.h; path = TeamWeaverPreferencePane_Prefix.pch; sourceTree = "<group>"; };
		27049F8C1225657700BE2140 /* ShortcutRecorder.framework */ = {isa = PBXFileReference; lastKnownFileType = wrapper.framework; name = ShortcutRecorder.framework; path = "/Users/krikava/Development/objc/shortcutrecorder-read-only/build/Release/ShortcutRecorder.framework"; sourceTree = "<absolute>"; };
		27049FD612256F1B00BE2140 /* TWAbstractPreferencesController.h */ = {isa = PBXFileReference; fileEncoding = 4; lastKnownFileType = sourcecode.c.h; path = TWAbstractPreferencesController.h; sourceTree = "<group>"; };
		27049FD712256F1B00BE2140 /* TWAbstractPreferencesController.m */ = {isa = PBXFileReference; fileEncoding = 4; lastKnownFileType = sourcecode.c.objc; path = TWAbstractPreferencesController.m; sourceTree = "<group>"; };
		272A5539122316B000341171 /* SystemEvents.h */ = {isa = PBXFileReference; fileEncoding = 4; lastKnownFileType = sourcecode.c.h; path = SystemEvents.h; sourceTree = "<group>"; };
		276132201221510400367AAB /* TWCWDDriver.h */ = {isa = PBXFileReference; fileEncoding = 4; lastKnownFileType = sourcecode.c.h; path = TWCWDDriver.h; sourceTree = "<group>"; };
		276132211221519900367AAB /* TWFinderAppCWDDriver.h */ = {isa = PBXFileReference; fileEncoding = 4; lastKnownFileType = sourcecode.c.h; path = TWFinderAppCWDDriver.h; sourceTree = "<group>"; };
		276132221221519900367AAB /* TWFinderAppCWDDriver.m */ = {isa = PBXFileReference; fileEncoding = 4; lastKnownFileType = sourcecode.c.objc; path = TWFinderAppCWDDriver.m; sourceTree = "<group>"; };
		2761322D122153EB00367AAB /* TWTerminalAppCWDDriver.h */ = {isa = PBXFileReference; fileEncoding = 4; lastKnownFileType = sourcecode.c.h; path = TWTerminalAppCWDDriver.h; sourceTree = "<group>"; };
		2761322E122153EB00367AAB /* TWTerminalAppCWDDriver.m */ = {isa = PBXFileReference; fileEncoding = 4; lastKnownFileType = sourcecode.c.objc; path = TWTerminalAppCWDDriver.m; sourceTree = "<group>"; };
		276132301221543000367AAB /* TWDefaultCWDDriver.h */ = {isa = PBXFileReference; fileEncoding = 4; lastKnownFileType = sourcecode.c.h; path = TWDefaultCWDDriver.h; sourceTree = "<group>"; };
		276132311221543000367AAB /* TWDefaultCWDDriver.m */ = {isa = PBXFileReference; fileEncoding = 4; lastKnownFileType = sourcecode.c.objc; path = TWDefaultCWDDriver.m; sourceTree = "<group>"; };
		2761329612215F4100367AAB /* TWDefines.h */ = {isa = PBXFileReference; fileEncoding = 4; lastKnownFileType = sourcecode.c.h; path = TWDefines.h; sourceTree = "<group>"; };
		276133E7122177B400367AAB /* Finder.h */ = {isa = PBXFileReference; fileEncoding = 4; lastKnownFileType = sourcecode.c.h; path = Finder.h; sourceTree = "<group>"; };
		2761343B12217D9E00367AAB /* ScriptingBridge.framework */ = {isa = PBXFileReference; lastKnownFileType = wrapper.framework; name = ScriptingBridge.framework; path = /System/Library/Frameworks/ScriptingBridge.framework; sourceTree = "<absolute>"; };
		27742378124C0F1500C02470 /* TermWeaver.icns */ = {isa = PBXFileReference; lastKnownFileType = image.icns; name = TermWeaver.icns; path = ../artwork/TermWeaver.icns; sourceTree = SOURCE_ROOT; };
		2774237B124C0F5B00C02470 /* TermWeaverPreferencePane.png */ = {isa = PBXFileReference; lastKnownFileType = image.png; name = TermWeaverPreferencePane.png; path = ../artwork/TermWeaverPreferencePane.png; sourceTree = SOURCE_ROOT; };
		278FC55812241F4200F1F0AD /* RegexKitLite.h */ = {isa = PBXFileReference; fileEncoding = 4; lastKnownFileType = sourcecode.c.h; name = RegexKitLite.h; path = external/RegexKitLite/RegexKitLite.h; sourceTree = "<group>"; };
		278FC55912241F4200F1F0AD /* RegexKitLite.m */ = {isa = PBXFileReference; fileEncoding = 4; lastKnownFileType = sourcecode.c.objc; name = RegexKitLite.m; path = external/RegexKitLite/RegexKitLite.m; sourceTree = "<group>"; };
		27983CC1124E76DA0000DE14 /* About.html */ = {isa = PBXFileReference; fileEncoding = 4; lastKnownFileType = text.html; path = About.html; sourceTree = "<group>"; };
		27DB4FB512270A3E009FF1C7 /* TWAXUtils.h */ = {isa = PBXFileReference; fileEncoding = 4; lastKnownFileType = sourcecode.c.h; path = TWAXUtils.h; sourceTree = "<group>"; };
		27DB4FB612270A3E009FF1C7 /* TWAXUtils.m */ = {isa = PBXFileReference; fileEncoding = 4; lastKnownFileType = sourcecode.c.objc; path = TWAXUtils.m; sourceTree = "<group>"; };
		27DB4FC612270BA0009FF1C7 /* TWAgentConstants.h */ = {isa = PBXFileReference; fileEncoding = 4; lastKnownFileType = sourcecode.c.h; path = TWAgentConstants.h; sourceTree = "<group>"; };
		27DB4FDF12270F8E009FF1C7 /* TWConstants.h */ = {isa = PBXFileReference; fileEncoding = 4; lastKnownFileType = sourcecode.c.h; path = TWConstants.h; sourceTree = "<group>"; };
		27DB50081227153C009FF1C7 /* TWConstants.m */ = {isa = PBXFileReference; fileEncoding = 4; lastKnownFileType = sourcecode.c.objc; path = TWConstants.m; sourceTree = "<group>"; };
		27DB5183122737BA009FF1C7 /* TWUtils.h */ = {isa = PBXFileReference; fileEncoding = 4; lastKnownFileType = sourcecode.c.h; path = TWUtils.h; sourceTree = "<group>"; };
		27DB5184122737BA009FF1C7 /* TWUtils.m */ = {isa = PBXFileReference; fileEncoding = 4; lastKnownFileType = sourcecode.c.objc; path = TWUtils.m; sourceTree = "<group>"; };
		27DB51AA122740EC009FF1C7 /* TWLoginItems.h */ = {isa = PBXFileReference; fileEncoding = 4; lastKnownFileType = sourcecode.c.h; path = TWLoginItems.h; sourceTree = "<group>"; };
		27DB51AB122740EC009FF1C7 /* TWLoginItems.m */ = {isa = PBXFileReference; fileEncoding = 4; lastKnownFileType = sourcecode.c.objc; path = TWLoginItems.m; sourceTree = "<group>"; };
		27E0BEC8122B232600202169 /* TWHotKeyPreference.h */ = {isa = PBXFileReference; fileEncoding = 4; lastKnownFileType = sourcecode.c.h; path = TWHotKeyPreference.h; sourceTree = "<group>"; };
		27E0BEC9122B232600202169 /* TWHotKeyPreference.m */ = {isa = PBXFileReference; fileEncoding = 4; lastKnownFileType = sourcecode.c.objc; path = TWHotKeyPreference.m; sourceTree = "<group>"; };
		27E0BEF5122C627700202169 /* TWHotKey+SRKeyCombo.h */ = {isa = PBXFileReference; fileEncoding = 4; lastKnownFileType = sourcecode.c.h; path = "TWHotKey+SRKeyCombo.h"; sourceTree = "<group>"; };
		27E0BEF6122C627700202169 /* TWHotKey+SRKeyCombo.m */ = {isa = PBXFileReference; fileEncoding = 4; lastKnownFileType = sourcecode.c.objc; path = "TWHotKey+SRKeyCombo.m"; sourceTree = "<group>"; };
		27E0BF57122C6D4300202169 /* TWPreferencesController.h */ = {isa = PBXFileReference; fileEncoding = 4; lastKnownFileType = sourcecode.c.h; path = TWPreferencesController.h; sourceTree = "<group>"; };
		27E0BF58122C6D4300202169 /* TWPreferencesController.m */ = {isa = PBXFileReference; fileEncoding = 4; lastKnownFileType = sourcecode.c.objc; path = TWPreferencesController.m; sourceTree = "<group>"; };
		27E34B2212218A5400E66481 /* Terminal.h */ = {isa = PBXFileReference; fileEncoding = 4; lastKnownFileType = sourcecode.c.h; path = Terminal.h; sourceTree = "<group>"; };
		27F1513712248209000E6B4E /* Carbon.framework */ = {isa = PBXFileReference; lastKnownFileType = wrapper.framework; name = Carbon.framework; path = System/Library/Frameworks/Carbon.framework; sourceTree = SDKROOT; };
		27F151AC12248968000E6B4E /* TWHotKeyManager.h */ = {isa = PBXFileReference; fileEncoding = 4; lastKnownFileType = sourcecode.c.h; path = TWHotKeyManager.h; sourceTree = "<group>"; };
		27F151AD12248968000E6B4E /* TWHotKeyManager.m */ = {isa = PBXFileReference; fileEncoding = 4; lastKnownFileType = sourcecode.c.objc; path = TWHotKeyManager.m; sourceTree = "<group>"; };
		27F151B912248DD8000E6B4E /* TWHotKey.h */ = {isa = PBXFileReference; fileEncoding = 4; lastKnownFileType = sourcecode.c.h; path = TWHotKey.h; sourceTree = "<group>"; };
		27F151BA12248DD8000E6B4E /* TWHotKey.m */ = {isa = PBXFileReference; fileEncoding = 4; lastKnownFileType = sourcecode.c.objc; path = TWHotKey.m; sourceTree = "<group>"; };
		29B97316FDCFA39411CA2CEA /* main.m */ = {isa = PBXFileReference; fileEncoding = 4; lastKnownFileType = sourcecode.c.objc; path = main.m; sourceTree = "<group>"; };
		29B97324FDCFA39411CA2CEA /* AppKit.framework */ = {isa = PBXFileReference; lastKnownFileType = wrapper.framework; name = AppKit.framework; path = /System/Library/Frameworks/AppKit.framework; sourceTree = "<absolute>"; };
		29B97325FDCFA39411CA2CEA /* Foundation.framework */ = {isa = PBXFileReference; lastKnownFileType = wrapper.framework; name = Foundation.framework; path = /System/Library/Frameworks/Foundation.framework; sourceTree = "<absolute>"; };
		8D1107310486CEB800E47090 /* TermWeaver-Info.plist */ = {isa = PBXFileReference; fileEncoding = 4; lastKnownFileType = text.plist.xml; path = "TermWeaver-Info.plist"; sourceTree = "<group>"; };
		8D1107320486CEB800E47090 /* TermWeaverAgent.app */ = {isa = PBXFileReference; explicitFileType = wrapper.application; includeInIndex = 0; path = TermWeaverAgent.app; sourceTree = BUILT_PRODUCTS_DIR; };
/* End PBXFileReference section */

/* Begin PBXFrameworksBuildPhase section */
		27049E25122553FA00BE2140 /* Frameworks */ = {
			isa = PBXFrameworksBuildPhase;
			buildActionMask = 2147483647;
			files = (
				27049E2F1225540B00BE2140 /* PreferencePanes.framework in Frameworks */,
				27049E3A1225556C00BE2140 /* Cocoa.framework in Frameworks */,
				27049E3D1225557500BE2140 /* Carbon.framework in Frameworks */,
				27049F8D1225657700BE2140 /* ShortcutRecorder.framework in Frameworks */,
			);
			runOnlyForDeploymentPostprocessing = 0;
		};
		8D11072E0486CEB800E47090 /* Frameworks */ = {
			isa = PBXFrameworksBuildPhase;
			buildActionMask = 2147483647;
			files = (
				27DB4E101226E8BA009FF1C7 /* ShortcutRecorder.framework in Frameworks */,
				8D11072F0486CEB800E47090 /* Cocoa.framework in Frameworks */,
				2761343C12217D9E00367AAB /* ScriptingBridge.framework in Frameworks */,
				27F1513812248209000E6B4E /* Carbon.framework in Frameworks */,
			);
			runOnlyForDeploymentPostprocessing = 0;
		};
/* End PBXFrameworksBuildPhase section */

/* Begin PBXGroup section */
		080E96DDFE201D6D7F000001 /* Classes */ = {
			isa = PBXGroup;
			children = (
				27049F68122562F800BE2140 /* Other Sources */,
				27049E4A1225573400BE2140 /* TWPreferencePane.h */,
				27049E4B1225573400BE2140 /* TWPreferencePane.m */,
			);
			name = Classes;
			sourceTree = "<group>";
		};
		1058C7A0FEA54F0111CA2CBB /* Linked Frameworks */ = {
			isa = PBXGroup;
			children = (
				2761343B12217D9E00367AAB /* ScriptingBridge.framework */,
				1058C7A1FEA54F0111CA2CBB /* Cocoa.framework */,
				27F1513712248209000E6B4E /* Carbon.framework */,
				27049F8C1225657700BE2140 /* ShortcutRecorder.framework */,
			);
			name = "Linked Frameworks";
			sourceTree = "<group>";
		};
		1058C7A2FEA54F0111CA2CBB /* Other Frameworks */ = {
			isa = PBXGroup;
			children = (
				29B97324FDCFA39411CA2CEA /* AppKit.framework */,
				13E42FB307B3F0F600E4EEF1 /* CoreData.framework */,
				29B97325FDCFA39411CA2CEA /* Foundation.framework */,
			);
			name = "Other Frameworks";
			sourceTree = "<group>";
		};
		19C28FACFE9D520D11CA2CBB /* Products */ = {
			isa = PBXGroup;
			children = (
				8D1107320486CEB800E47090 /* TermWeaverAgent.app */,
				27049E27122553FA00BE2140 /* TermWeaver.prefPane */,
			);
			name = Products;
			sourceTree = "<group>";
		};
		27049E331225545B00BE2140 /* Agent */ = {
			isa = PBXGroup;
			children = (
				27049E341225546500BE2140 /* Classes */,
				27049E351225546B00BE2140 /* Resources */,
			);
			name = Agent;
			sourceTree = "<group>";
		};
		27049E341225546500BE2140 /* Classes */ = {
			isa = PBXGroup;
			children = (
				27E34BB81222EBB900E66481 /* External */,
				27E34B2312218A5800E66481 /* Drivers */,
				256AC3D80F4B6AC300CF3369 /* TWAgentAppDelegate.h */,
				256AC3D90F4B6AC300CF3369 /* TWAgentAppDelegate.m */,
				276132201221510400367AAB /* TWCWDDriver.h */,
				27F151AC12248968000E6B4E /* TWHotKeyManager.h */,
				27F151AD12248968000E6B4E /* TWHotKeyManager.m */,
				29B97315FDCFA39411CA2CEA /* Other Sources */,
				27DB4FB512270A3E009FF1C7 /* TWAXUtils.h */,
				27DB4FB612270A3E009FF1C7 /* TWAXUtils.m */,
				27DB4FC612270BA0009FF1C7 /* TWAgentConstants.h */,
			);
			name = Classes;
			sourceTree = "<group>";
		};
		27049E351225546B00BE2140 /* Resources */ = {
			isa = PBXGroup;
			children = (
				27742378124C0F1500C02470 /* TermWeaver.icns */,
				8D1107310486CEB800E47090 /* TermWeaver-Info.plist */,
				089C165CFE840E0CC02AAC07 /* InfoPlist.strings */,
				1DDD58140DA1D0A300B32029 /* MainMenu.xib */,
			);
			name = Resources;
			sourceTree = "<group>";
		};
		27049E361225549300BE2140 /* PreferencePane */ = {
			isa = PBXGroup;
			children = (
				080E96DDFE201D6D7F000001 /* Classes */,
				29B97317FDCFA39411CA2CEA /* Resources */,
			);
			name = PreferencePane;
			sourceTree = "<group>";
		};
		27049F68122562F800BE2140 /* Other Sources */ = {
			isa = PBXGroup;
			children = (
				27049F7B1225633700BE2140 /* TeamWeaverPreferencePane_Prefix.pch */,
			);
			name = "Other Sources";
			sourceTree = "<group>";
		};
		27049FB2122567EA00BE2140 /* Common */ = {
			isa = PBXGroup;
			children = (
				27742377124C0F0000C02470 /* Resources */,
				27049FD512256EF800BE2140 /* Classes */,
			);
			name = Common;
			sourceTree = "<group>";
		};
		27049FD512256EF800BE2140 /* Classes */ = {
			isa = PBXGroup;
			children = (
				27DB5183122737BA009FF1C7 /* TWUtils.h */,
				27DB5184122737BA009FF1C7 /* TWUtils.m */,
				27DB4FDF12270F8E009FF1C7 /* TWConstants.h */,
				27DB50081227153C009FF1C7 /* TWConstants.m */,
				27F151B912248DD8000E6B4E /* TWHotKey.h */,
				27F151BA12248DD8000E6B4E /* TWHotKey.m */,
				27049FD612256F1B00BE2140 /* TWAbstractPreferencesController.h */,
				27049FD712256F1B00BE2140 /* TWAbstractPreferencesController.m */,
				2761329612215F4100367AAB /* TWDefines.h */,
				27DB51AA122740EC009FF1C7 /* TWLoginItems.h */,
				27DB51AB122740EC009FF1C7 /* TWLoginItems.m */,
				27E0BEC8122B232600202169 /* TWHotKeyPreference.h */,
				27E0BEC9122B232600202169 /* TWHotKeyPreference.m */,
				27E0BEF5122C627700202169 /* TWHotKey+SRKeyCombo.h */,
				27E0BEF6122C627700202169 /* TWHotKey+SRKeyCombo.m */,
				27E0BF57122C6D4300202169 /* TWPreferencesController.h */,
				27E0BF58122C6D4300202169 /* TWPreferencesController.m */,
			);
			name = Classes;
			sourceTree = "<group>";
		};
		272A55381223169D00341171 /* Scripting Bridge */ = {
			isa = PBXGroup;
			children = (
				272A5539122316B000341171 /* SystemEvents.h */,
				27E34B2212218A5400E66481 /* Terminal.h */,
				276133E7122177B400367AAB /* Finder.h */,
			);
			name = "Scripting Bridge";
			sourceTree = "<group>";
		};
		27742377124C0F0000C02470 /* Resources */ = {
			isa = PBXGroup;
			children = (
			);
			name = Resources;
			sourceTree = "<group>";
		};
		27E34B2312218A5800E66481 /* Drivers */ = {
			isa = PBXGroup;
			children = (
				276132211221519900367AAB /* TWFinderAppCWDDriver.h */,
				276132221221519900367AAB /* TWFinderAppCWDDriver.m */,
				2761322D122153EB00367AAB /* TWTerminalAppCWDDriver.h */,
				2761322E122153EB00367AAB /* TWTerminalAppCWDDriver.m */,
				276132301221543000367AAB /* TWDefaultCWDDriver.h */,
				276132311221543000367AAB /* TWDefaultCWDDriver.m */,
			);
			name = Drivers;
			sourceTree = "<group>";
		};
		27E34BB81222EBB900E66481 /* External */ = {
			isa = PBXGroup;
			children = (
				272A55381223169D00341171 /* Scripting Bridge */,
				27E34BBB1222EBC700E66481 /* RegexpKitLite */,
			);
			name = External;
			sourceTree = "<group>";
		};
		27E34BBB1222EBC700E66481 /* RegexpKitLite */ = {
			isa = PBXGroup;
			children = (
				278FC55812241F4200F1F0AD /* RegexKitLite.h */,
				278FC55912241F4200F1F0AD /* RegexKitLite.m */,
			);
			name = RegexpKitLite;
			sourceTree = "<group>";
		};
		29B97314FDCFA39411CA2CEA /* TerminalLauncher */ = {
			isa = PBXGroup;
			children = (
				27049FB2122567EA00BE2140 /* Common */,
				27049E361225549300BE2140 /* PreferencePane */,
				27049E331225545B00BE2140 /* Agent */,
				29B97323FDCFA39411CA2CEA /* Frameworks */,
				19C28FACFE9D520D11CA2CBB /* Products */,
				27049E2E1225540B00BE2140 /* PreferencePanes.framework */,
				27049E391225556C00BE2140 /* Cocoa.framework */,
			);
			name = TerminalLauncher;
			sourceTree = "<group>";
		};
		29B97315FDCFA39411CA2CEA /* Other Sources */ = {
			isa = PBXGroup;
			children = (
				256AC3F00F4B6AF500CF3369 /* TermWeaver_Prefix.pch */,
				29B97316FDCFA39411CA2CEA /* main.m */,
			);
			name = "Other Sources";
			sourceTree = "<group>";
		};
		29B97317FDCFA39411CA2CEA /* Resources */ = {
			isa = PBXGroup;
			children = (
				2774237B124C0F5B00C02470 /* TermWeaverPreferencePane.png */,
				27049E4D1225576B00BE2140 /* TermWeaverPreferencePane-Info.plist */,
				27049E6C1225593300BE2140 /* TermWeaverPreferencePane.xib */,
				27983CC1124E76DA0000DE14 /* About.html */,
			);
			name = Resources;
			sourceTree = "<group>";
		};
		29B97323FDCFA39411CA2CEA /* Frameworks */ = {
			isa = PBXGroup;
			children = (
				1058C7A0FEA54F0111CA2CBB /* Linked Frameworks */,
				1058C7A2FEA54F0111CA2CBB /* Other Frameworks */,
			);
			name = Frameworks;
			sourceTree = "<group>";
		};
/* End PBXGroup section */

/* Begin PBXNativeTarget section */
		27049E26122553FA00BE2140 /* TermWeaver */ = {
			isa = PBXNativeTarget;
			buildConfigurationList = 27049E2B122553FB00BE2140 /* Build configuration list for PBXNativeTarget "TermWeaver" */;
			buildPhases = (
				27049E23122553FA00BE2140 /* Resources */,
				27049E24122553FA00BE2140 /* Sources */,
				27049E25122553FA00BE2140 /* Frameworks */,
				27049FA11225669E00BE2140 /* CopyFiles */,
			);
			buildRules = (
			);
			dependencies = (
				27049E2D1225540000BE2140 /* PBXTargetDependency */,
			);
			name = TermWeaver;
			productName = TeamWeaver;
			productReference = 27049E27122553FA00BE2140 /* TermWeaver.prefPane */;
			productType = "com.apple.product-type.bundle";
		};
		8D1107260486CEB800E47090 /* TermWeaverAgent */ = {
			isa = PBXNativeTarget;
			buildConfigurationList = C01FCF4A08A954540054247B /* Build configuration list for PBXNativeTarget "TermWeaverAgent" */;
			buildPhases = (
				8D1107290486CEB800E47090 /* Resources */,
				8D11072C0486CEB800E47090 /* Sources */,
				8D11072E0486CEB800E47090 /* Frameworks */,
				27DB4E3D1226E921009FF1C7 /* CopyFiles */,
			);
			buildRules = (
			);
			dependencies = (
			);
			name = TermWeaverAgent;
			productInstallPath = "$(HOME)/Applications";
			productName = TerminalLauncher;
			productReference = 8D1107320486CEB800E47090 /* TermWeaverAgent.app */;
			productType = "com.apple.product-type.application";
		};
/* End PBXNativeTarget section */

/* Begin PBXProject section */
		29B97313FDCFA39411CA2CEA /* Project object */ = {
			isa = PBXProject;
			buildConfigurationList = C01FCF4E08A954540054247B /* Build configuration list for PBXProject "TermWeaver" */;
			compatibilityVersion = "Xcode 3.1";
			hasScannedForEncodings = 1;
			mainGroup = 29B97314FDCFA39411CA2CEA /* TerminalLauncher */;
			projectDirPath = "";
			projectRoot = "";
			targets = (
				27049E26122553FA00BE2140 /* TermWeaver */,
				8D1107260486CEB800E47090 /* TermWeaverAgent */,
			);
		};
/* End PBXProject section */

/* Begin PBXResourcesBuildPhase section */
		27049E23122553FA00BE2140 /* Resources */ = {
			isa = PBXResourcesBuildPhase;
			buildActionMask = 2147483647;
			files = (
				2704A0251225748200BE2140 /* TermWeaverAgent.app in Resources */,
				27049E6D1225593300BE2140 /* TermWeaverPreferencePane.xib in Resources */,
				2774237A124C0F1500C02470 /* TermWeaver.icns in Resources */,
				2774237C124C0F5B00C02470 /* TermWeaverPreferencePane.png in Resources */,
				27983CC2124E76DA0000DE14 /* About.html in Resources */,
			);
			runOnlyForDeploymentPostprocessing = 0;
		};
		8D1107290486CEB800E47090 /* Resources */ = {
			isa = PBXResourcesBuildPhase;
			buildActionMask = 2147483647;
			files = (
				8D11072B0486CEB800E47090 /* InfoPlist.strings in Resources */,
				1DDD58160DA1D0A300B32029 /* MainMenu.xib in Resources */,
				27742379124C0F1500C02470 /* TermWeaver.icns in Resources */,
			);
			runOnlyForDeploymentPostprocessing = 0;
		};
/* End PBXResourcesBuildPhase section */

/* Begin PBXSourcesBuildPhase section */
		27049E24122553FA00BE2140 /* Sources */ = {
			isa = PBXSourcesBuildPhase;
			buildActionMask = 2147483647;
			files = (
				27049E4C1225573400BE2140 /* TWPreferencePane.m in Sources */,
				27049FD812256F1B00BE2140 /* TWAbstractPreferencesController.m in Sources */,
				27DB500A1227153C009FF1C7 /* TWConstants.m in Sources */,
				27DB5186122737BA009FF1C7 /* TWUtils.m in Sources */,
				27DB51AC122740EC009FF1C7 /* TWLoginItems.m in Sources */,
				27E0BF37122C6A9C00202169 /* TWHotKey.m in Sources */,
				27E0BECA122B232600202169 /* TWHotKeyPreference.m in Sources */,
				27E0BEF7122C627700202169 /* TWHotKey+SRKeyCombo.m in Sources */,
				27E0BF59122C6D4300202169 /* TWPreferencesController.m in Sources */,
			);
			runOnlyForDeploymentPostprocessing = 0;
		};
		8D11072C0486CEB800E47090 /* Sources */ = {
			isa = PBXSourcesBuildPhase;
			buildActionMask = 2147483647;
			files = (
				27FB18BE123ED06700B85F47 /* TWPreferencesController.m in Sources */,
				27E0BF2E122C699F00202169 /* TWHotKeyPreference.m in Sources */,
				27E0BF2A122C691900202169 /* TWHotKey+SRKeyCombo.m in Sources */,
				27FB18C7123ED0A100B85F47 /* TWLoginItems.m in Sources */,
				2704A0C812259A0D00BE2140 /* TWAbstractPreferencesController.m in Sources */,
				8D11072D0486CEB800E47090 /* main.m in Sources */,
				256AC3DA0F4B6AC300CF3369 /* TWAgentAppDelegate.m in Sources */,
				276132231221519900367AAB /* TWFinderAppCWDDriver.m in Sources */,
				2761322F122153EB00367AAB /* TWTerminalAppCWDDriver.m in Sources */,
				276132321221543000367AAB /* TWDefaultCWDDriver.m in Sources */,
				278FC55A12241F4200F1F0AD /* RegexKitLite.m in Sources */,
				27F151AE12248968000E6B4E /* TWHotKeyManager.m in Sources */,
				27F151BB12248DD8000E6B4E /* TWHotKey.m in Sources */,
				27DB4FB712270A3E009FF1C7 /* TWAXUtils.m in Sources */,
				27DB50091227153C009FF1C7 /* TWConstants.m in Sources */,
				27DB5185122737BA009FF1C7 /* TWUtils.m in Sources */,
			);
			runOnlyForDeploymentPostprocessing = 0;
		};
/* End PBXSourcesBuildPhase section */

/* Begin PBXTargetDependency section */
		27049E2D1225540000BE2140 /* PBXTargetDependency */ = {
			isa = PBXTargetDependency;
			target = 8D1107260486CEB800E47090 /* TermWeaverAgent */;
			targetProxy = 27049E2C1225540000BE2140 /* PBXContainerItemProxy */;
		};
/* End PBXTargetDependency section */

/* Begin PBXVariantGroup section */
		089C165CFE840E0CC02AAC07 /* InfoPlist.strings */ = {
			isa = PBXVariantGroup;
			children = (
				089C165DFE840E0CC02AAC07 /* English */,
			);
			name = InfoPlist.strings;
			sourceTree = "<group>";
		};
		1DDD58140DA1D0A300B32029 /* MainMenu.xib */ = {
			isa = PBXVariantGroup;
			children = (
				1DDD58150DA1D0A300B32029 /* English */,
			);
			name = MainMenu.xib;
			sourceTree = "<group>";
		};
/* End PBXVariantGroup section */

/* Begin XCBuildConfiguration section */
		27049E29122553FA00BE2140 /* Debug */ = {
			isa = XCBuildConfiguration;
			buildSettings = {
				ALWAYS_SEARCH_USER_PATHS = NO;
				COPY_PHASE_STRIP = NO;
				DEBUG_INFORMATION_FORMAT = "dwarf-with-dsym";
				FRAMEWORK_SEARCH_PATHS = (
					"$(inherited)",
					"\"$(SRCROOT)/../../../../../Development/objc/shortcutrecorder-read-only/build/Release\"",
				);
				GCC_DYNAMIC_NO_PIC = NO;
				GCC_ENABLE_FIX_AND_CONTINUE = YES;
				GCC_ENABLE_OBJC_GC = supported;
				GCC_MODEL_TUNING = G5;
				GCC_OPTIMIZATION_LEVEL = 0;
				GCC_PRECOMPILE_PREFIX_HEADER = YES;
				GCC_PREFIX_HEADER = TeamWeaverPreferencePane_Prefix.pch;
				GCC_WARN_SIGN_COMPARE = YES;
				GCC_WARN_UNKNOWN_PRAGMAS = YES;
				GCC_WARN_UNUSED_FUNCTION = YES;
				GCC_WARN_UNUSED_LABEL = YES;
				GCC_WARN_UNUSED_PARAMETER = YES;
				GCC_WARN_UNUSED_VALUE = YES;
				INFOPLIST_FILE = "TermWeaverPreferencePane-Info.plist";
				INSTALL_PATH = "$(HOME)/Library/PreferencePanes";
				ONLY_ACTIVE_ARCH = NO;
				OTHER_LDFLAGS = (
					"-framework",
					Foundation,
					"-framework",
					AppKit,
				);
				PREBINDING = YES;
				PRODUCT_NAME = TermWeaver;
				SDKROOT = macosx10.5;
				WRAPPER_EXTENSION = prefPane;
			};
			name = Debug;
		};
		27049E2A122553FA00BE2140 /* Release */ = {
			isa = XCBuildConfiguration;
			buildSettings = {
				ALWAYS_SEARCH_USER_PATHS = NO;
				COPY_PHASE_STRIP = YES;
				DEBUG_INFORMATION_FORMAT = "dwarf-with-dsym";
				FRAMEWORK_SEARCH_PATHS = (
					"$(inherited)",
					"\"$(SRCROOT)/../../../../../Development/objc/shortcutrecorder-read-only/build/Release\"",
				);
				GCC_ENABLE_FIX_AND_CONTINUE = NO;
				GCC_ENABLE_OBJC_GC = supported;
				GCC_MODEL_TUNING = G5;
				GCC_PRECOMPILE_PREFIX_HEADER = YES;
				GCC_PREFIX_HEADER = TeamWeaverPreferencePane_Prefix.pch;
				GCC_WARN_SIGN_COMPARE = YES;
				GCC_WARN_UNKNOWN_PRAGMAS = YES;
				GCC_WARN_UNUSED_FUNCTION = YES;
				GCC_WARN_UNUSED_LABEL = YES;
				GCC_WARN_UNUSED_PARAMETER = YES;
				GCC_WARN_UNUSED_VALUE = YES;
				INFOPLIST_FILE = "TermWeaverPreferencePane-Info.plist";
				INSTALL_PATH = "$(HOME)/Library/PreferencePanes";
				ONLY_ACTIVE_ARCH = NO;
				OTHER_LDFLAGS = (
					"-framework",
					Foundation,
					"-framework",
					AppKit,
				);
				PREBINDING = YES;
				PRODUCT_NAME = TermWeaver;
				SDKROOT = macosx10.5;
				WRAPPER_EXTENSION = prefPane;
				ZERO_LINK = NO;
			};
			name = Release;
		};
		C01FCF4B08A954540054247B /* Debug */ = {
			isa = XCBuildConfiguration;
			buildSettings = {
				ALWAYS_SEARCH_USER_PATHS = NO;
				COPY_PHASE_STRIP = NO;
				FRAMEWORK_SEARCH_PATHS = (
					"$(inherited)",
					"\"$(SRCROOT)/../../../../../Development/objc/shortcutrecorder-read-only/build/Release\"",
				);
				GCC_DYNAMIC_NO_PIC = NO;
				GCC_ENABLE_FIX_AND_CONTINUE = YES;
				GCC_MODEL_TUNING = G5;
				GCC_OPTIMIZATION_LEVEL = 0;
				GCC_PRECOMPILE_PREFIX_HEADER = YES;
				GCC_PREFIX_HEADER = TermWeaver_Prefix.pch;
				INFOPLIST_FILE = "TermWeaver-Info.plist";
				INSTALL_PATH = "$(HOME)/Applications";
				PRODUCT_NAME = TermWeaverAgent;
			};
			name = Debug;
		};
		C01FCF4C08A954540054247B /* Release */ = {
			isa = XCBuildConfiguration;
			buildSettings = {
				ALWAYS_SEARCH_USER_PATHS = NO;
				DEBUG_INFORMATION_FORMAT = "dwarf-with-dsym";
				FRAMEWORK_SEARCH_PATHS = (
					"$(inherited)",
					"\"$(SRCROOT)/../../../../../Development/objc/shortcutrecorder-read-only/build/Release\"",
				);
				GCC_MODEL_TUNING = G5;
				GCC_PRECOMPILE_PREFIX_HEADER = YES;
				GCC_PREFIX_HEADER = TermWeaver_Prefix.pch;
				INFOPLIST_FILE = "TermWeaver-Info.plist";
				INSTALL_PATH = "$(HOME)/Applications";
				PRODUCT_NAME = TermWeaverAgent;
			};
			name = Release;
		};
		C01FCF4F08A954540054247B /* Debug */ = {
			isa = XCBuildConfiguration;
			buildSettings = {
				ARCHS = "$(ARCHS_STANDARD_32_64_BIT)";
				GCC_C_LANGUAGE_STANDARD = gnu99;
				GCC_OPTIMIZATION_LEVEL = 0;
				GCC_WARN_ABOUT_RETURN_TYPE = YES;
				GCC_WARN_UNUSED_VARIABLE = YES;
				ONLY_ACTIVE_ARCH = YES;
				OTHER_LDFLAGS = "-licucore";
				PREBINDING = NO;
				SDKROOT = macosx10.6;
			};
			name = Debug;
		};
		C01FCF5008A954540054247B /* Release */ = {
			isa = XCBuildConfiguration;
			buildSettings = {
				ARCHS = "$(ARCHS_STANDARD_32_64_BIT)";
				GCC_C_LANGUAGE_STANDARD = gnu99;
				GCC_WARN_ABOUT_RETURN_TYPE = YES;
				GCC_WARN_UNUSED_VARIABLE = YES;
				OTHER_LDFLAGS = "-licucore";
				PREBINDING = NO;
				SDKROOT = macosx10.6;
			};
			name = Release;
		};
/* End XCBuildConfiguration section */

/* Begin XCConfigurationList section */
		27049E2B122553FB00BE2140 /* Build configuration list for PBXNativeTarget "TermWeaver" */ = {
			isa = XCConfigurationList;
			buildConfigurations = (
				27049E29122553FA00BE2140 /* Debug */,
				27049E2A122553FA00BE2140 /* Release */,
			);
			defaultConfigurationIsVisible = 0;
			defaultConfigurationName = Release;
		};
		C01FCF4A08A954540054247B /* Build configuration list for PBXNativeTarget "TermWeaverAgent" */ = {
			isa = XCConfigurationList;
			buildConfigurations = (
				C01FCF4B08A954540054247B /* Debug */,
				C01FCF4C08A954540054247B /* Release */,
			);
			defaultConfigurationIsVisible = 0;
			defaultConfigurationName = Release;
		};
		C01FCF4E08A954540054247B /* Build configuration list for PBXProject "TermWeaver" */ = {
			isa = XCConfigurationList;
			buildConfigurations = (
				C01FCF4F08A954540054247B /* Debug */,
				C01FCF5008A954540054247B /* Release */,
			);
			defaultConfigurationIsVisible = 0;
			defaultConfigurationName = Release;
		};
/* End XCConfigurationList section */
	};
	rootObject = 29B97313FDCFA39411CA2CEA /* Project object */;
}
